{
  "version": 4,
  "terraform_version": "0.13.0",
  "serial": 32,
  "lineage": "c75bce01-dbfe-030b-5f9f-d9723714b70d",
  "outputs": {},
  "resources": [
    {
      "mode": "managed",
      "type": "aws_instance",
      "name": "app_instance",
      "provider": "provider[\"registry.terraform.io/hashicorp/aws\"]",
      "instances": []
    },
    {
      "mode": "managed",
      "type": "aws_internet_gateway",
      "name": "main",
      "provider": "provider[\"registry.terraform.io/hashicorp/aws\"]",
      "instances": [
        {
          "schema_version": 0,
          "attributes": {
            "arn": "arn:aws:ec2:eu-west-1:135928476890:internet-gateway/igw-00de614adf8960fdc",
            "id": "igw-00de614adf8960fdc",
            "owner_id": "135928476890",
            "tags": {
              "Name": "main"
            },
            "vpc_id": "vpc-0b875dbf9c46a9b27"
          },
          "private": "bnVsbA==",
          "dependencies": [
            "aws_vpc.prod-vpc"
          ]
        }
      ]
    },
    {
      "mode": "managed",
      "type": "aws_route_table",
      "name": "priv_r",
      "provider": "provider[\"registry.terraform.io/hashicorp/aws\"]",
      "instances": [
        {
          "status": "tainted",
          "schema_version": 0,
          "attributes": {
            "id": "rtb-06d35610572dabc0b",
            "owner_id": null,
            "propagating_vgws": [],
            "route": [
              {
                "cidr_block": "141.22.0.0/16",
                "egress_only_gateway_id": "",
                "gateway_id": "igw-00de614adf8960fdc",
                "instance_id": "",
                "ipv6_cidr_block": "",
                "nat_gateway_id": "",
                "network_interface_id": "",
                "transit_gateway_id": "",
                "vpc_peering_connection_id": ""
              }
            ],
            "tags": {
              "Name": "Eng67.Andrew.Terraform.Priv"
            },
            "vpc_id": "vpc-0b875dbf9c46a9b27"
          },
          "private": "bnVsbA==",
          "dependencies": [
            "aws_internet_gateway.main",
            "aws_vpc.prod-vpc"
          ]
        }
      ]
    },
    {
      "mode": "managed",
      "type": "aws_route_table",
      "name": "pub-r",
      "provider": "provider[\"registry.terraform.io/hashicorp/aws\"]",
      "instances": [
        {
          "schema_version": 0,
          "attributes": {
            "id": "rtb-06309d2f7315f1664",
            "owner_id": "135928476890",
            "propagating_vgws": [],
            "route": [
              {
                "cidr_block": "0.0.0.0/0",
                "egress_only_gateway_id": "",
                "gateway_id": "igw-00de614adf8960fdc",
                "instance_id": "",
                "ipv6_cidr_block": "",
                "nat_gateway_id": "",
                "network_interface_id": "",
                "transit_gateway_id": "",
                "vpc_peering_connection_id": ""
              }
            ],
            "tags": {
              "Name": "Eng67.Andrew.Terraform.Pub"
            },
            "vpc_id": "vpc-0b875dbf9c46a9b27"
          },
          "private": "bnVsbA==",
          "dependencies": [
            "aws_internet_gateway.main",
            "aws_vpc.prod-vpc"
          ]
        }
      ]
    },
    {
      "mode": "managed",
      "type": "aws_security_group",
      "name": "allow_tls",
      "provider": "provider[\"registry.terraform.io/hashicorp/aws\"]",
      "instances": [
        {
          "schema_version": 1,
          "attributes": {
            "arn": "arn:aws:ec2:eu-west-1:135928476890:security-group/sg-0e2381231c64482ae",
            "description": "Allow TLS inbound traffic",
            "egress": [
              {
                "cidr_blocks": [
                  "0.0.0.0/0"
                ],
                "description": "",
                "from_port": 0,
                "ipv6_cidr_blocks": [],
                "prefix_list_ids": [],
                "protocol": "-1",
                "security_groups": [],
                "self": false,
                "to_port": 0
              }
            ],
            "id": "sg-0e2381231c64482ae",
            "ingress": [
              {
                "cidr_blocks": [
                  "0.0.0.0/0"
                ],
                "description": "TLS from VPC",
                "from_port": 80,
                "ipv6_cidr_blocks": [],
                "prefix_list_ids": [],
                "protocol": "tcp",
                "security_groups": [],
                "self": false,
                "to_port": 80
              },
              {
                "cidr_blocks": [
                  "77.98.125.189/32"
                ],
                "description": "SSH from port 22",
                "from_port": 22,
                "ipv6_cidr_blocks": [],
                "prefix_list_ids": [],
                "protocol": "tcp",
                "security_groups": [],
                "self": false,
                "to_port": 22
              }
            ],
            "name": "Eng67.Andrew.Public-SG",
            "name_prefix": "",
            "owner_id": "135928476890",
            "revoke_rules_on_delete": false,
            "tags": {
              "Name": "Eng67.Andrew.Public-SG"
            },
            "timeouts": null,
            "vpc_id": "vpc-0b875dbf9c46a9b27"
          },
          "private": "eyJlMmJmYjczMC1lY2FhLTExZTYtOGY4OC0zNDM2M2JjN2M0YzAiOnsiY3JlYXRlIjo2MDAwMDAwMDAwMDAsImRlbGV0ZSI6NjAwMDAwMDAwMDAwfSwic2NoZW1hX3ZlcnNpb24iOiIxIn0=",
          "dependencies": [
            "aws_vpc.prod-vpc"
          ]
        }
      ]
    },
    {
      "mode": "managed",
      "type": "aws_vpc",
      "name": "prod-vpc",
      "provider": "provider[\"registry.terraform.io/hashicorp/aws\"]",
      "instances": [
        {
          "schema_version": 1,
          "attributes": {
            "arn": "arn:aws:ec2:eu-west-1:135928476890:vpc/vpc-0b875dbf9c46a9b27",
            "assign_generated_ipv6_cidr_block": false,
            "cidr_block": "141.22.0.0/16",
            "default_network_acl_id": "acl-06cfefd36c3ad4e65",
            "default_route_table_id": "rtb-07214ab90e1b4734e",
            "default_security_group_id": "sg-02f29f56d6b204949",
            "dhcp_options_id": "dopt-18d5d77d",
            "enable_classiclink": false,
            "enable_classiclink_dns_support": false,
            "enable_dns_hostnames": true,
            "enable_dns_support": true,
            "id": "vpc-0b875dbf9c46a9b27",
            "instance_tenancy": "default",
            "ipv6_association_id": "",
            "ipv6_cidr_block": "",
            "main_route_table_id": "rtb-07214ab90e1b4734e",
            "owner_id": "135928476890",
            "tags": {
              "Name": "Eng67.Andrew.Terraform.VPC"
            }
          },
          "private": "eyJzY2hlbWFfdmVyc2lvbiI6IjEifQ=="
        }
      ]
    }
  ]
}
